
Microsoft Visual Studio Solution File, Format Version 11.00
# Visual Studio 2010
Project("{FAE04EC0-301F-11D3-BF4B-00C04F79EFBC}") = "funda_agent", "funda_agent\funda_agent.csproj", "{1BA22C32-E71E-4BD2-9453-5D04110E56AB}"
EndProject
Project("{FAE04EC0-301F-11D3-BF4B-00C04F79EFBC}") = "funda_smartcon1", "funda_smartcon1\funda_smartcon1.csproj", "{B4D6E542-05F4-487C-8EFE-5FB2C821CA3B}"
EndProject
Project("{FAE04EC0-301F-11D3-BF4B-00C04F79EFBC}") = "funda_interface", "funda_interface\funda_interface.csproj", "{04B9830D-EA2D-4BC6-B7A0-3738C2CDCD1D}"
EndProject
Global
	GlobalSection(SolutionConfigurationPlatforms) = preSolution
		Debug|Any CPU = Debug|Any CPU
		Debug|Mixed Platforms = Debug|Mixed Platforms
		Debug|x86 = Debug|x86
		Release|Any CPU = Release|Any CPU
		Release|Mixed Platforms = Release|Mixed Platforms
		Release|x86 = Release|x86
	EndGlobalSection
	GlobalSection(ProjectConfigurationPlatforms) = postSolution
		{1BA22C32-E71E-4BD2-9453-5D04110E56AB}.Debug|Any CPU.ActiveCfg = Debug|x86
		{1BA22C32-E71E-4BD2-9453-5D04110E56AB}.Debug|Mixed Platforms.ActiveCfg = Debug|x86
		{1BA22C32-E71E-4BD2-9453-5D04110E56AB}.Debug|Mixed Platforms.Build.0 = Debug|x86
		{1BA22C32-E71E-4BD2-9453-5D04110E56AB}.Debug|x86.ActiveCfg = Debug|x86
		{1BA22C32-E71E-4BD2-9453-5D04110E56AB}.Debug|x86.Build.0 = Debug|x86
		{1BA22C32-E71E-4BD2-9453-5D04110E56AB}.Release|Any CPU.ActiveCfg = Release|x86
		{1BA22C32-E71E-4BD2-9453-5D04110E56AB}.Release|Mixed Platforms.ActiveCfg = Release|x86
		{1BA22C32-E71E-4BD2-9453-5D04110E56AB}.Release|Mixed Platforms.Build.0 = Release|x86
		{1BA22C32-E71E-4BD2-9453-5D04110E56AB}.Release|x86.ActiveCfg = Release|x86
		{1BA22C32-E71E-4BD2-9453-5D04110E56AB}.Release|x86.Build.0 = Release|x86
		{B4D6E542-05F4-487C-8EFE-5FB2C821CA3B}.Debug|Any CPU.ActiveCfg = Debug|x86
		{B4D6E542-05F4-487C-8EFE-5FB2C821CA3B}.Debug|Mixed Platforms.ActiveCfg = Debug|x86
		{B4D6E542-05F4-487C-8EFE-5FB2C821CA3B}.Debug|Mixed Platforms.Build.0 = Debug|x86
		{B4D6E542-05F4-487C-8EFE-5FB2C821CA3B}.Debug|x86.ActiveCfg = Debug|x86
		{B4D6E542-05F4-487C-8EFE-5FB2C821CA3B}.Debug|x86.Build.0 = Debug|x86
		{B4D6E542-05F4-487C-8EFE-5FB2C821CA3B}.Release|Any CPU.ActiveCfg = Release|x86
		{B4D6E542-05F4-487C-8EFE-5FB2C821CA3B}.Release|Mixed Platforms.ActiveCfg = Release|x86
		{B4D6E542-05F4-487C-8EFE-5FB2C821CA3B}.Release|Mixed Platforms.Build.0 = Release|x86
		{B4D6E542-05F4-487C-8EFE-5FB2C821CA3B}.Release|x86.ActiveCfg = Release|x86
		{B4D6E542-05F4-487C-8EFE-5FB2C821CA3B}.Release|x86.Build.0 = Release|x86
		{04B9830D-EA2D-4BC6-B7A0-3738C2CDCD1D}.Debug|Any CPU.ActiveCfg = Debug|Any CPU
		{04B9830D-EA2D-4BC6-B7A0-3738C2CDCD1D}.Debug|Any CPU.Build.0 = Debug|Any CPU
		{04B9830D-EA2D-4BC6-B7A0-3738C2CDCD1D}.Debug|Mixed Platforms.ActiveCfg = Debug|Any CPU
		{04B9830D-EA2D-4BC6-B7A0-3738C2CDCD1D}.Debug|Mixed Platforms.Build.0 = Debug|Any CPU
		{04B9830D-EA2D-4BC6-B7A0-3738C2CDCD1D}.Debug|x86.ActiveCfg = Debug|Any CPU
		{04B9830D-EA2D-4BC6-B7A0-3738C2CDCD1D}.Release|Any CPU.ActiveCfg = Release|Any CPU
		{04B9830D-EA2D-4BC6-B7A0-3738C2CDCD1D}.Release|Any CPU.Build.0 = Release|Any CPU
		{04B9830D-EA2D-4BC6-B7A0-3738C2CDCD1D}.Release|Mixed Platforms.ActiveCfg = Release|Any CPU
		{04B9830D-EA2D-4BC6-B7A0-3738C2CDCD1D}.Release|Mixed Platforms.Build.0 = Release|Any CPU
		{04B9830D-EA2D-4BC6-B7A0-3738C2CDCD1D}.Release|x86.ActiveCfg = Release|Any CPU
	EndGlobalSection
	GlobalSection(SolutionProperties) = preSolution
		HideSolutionNode = FALSE
	EndGlobalSection
EndGlobal
